
Microsoft Visual Studio Solution File, Format Version 12.00
# Visual Studio 15
VisualStudioVersion = 15.0.28307.271
MinimumVisualStudioVersion = 10.0.40219.1
Project("{FAE04EC0-301F-11D3-BF4B-00C04F79EFBC}") = "aerHealth v2", "aerHealth v2\aerHealth v2.csproj", "{5695C18C-7C37-4AD2-AA48-E5D83E3D825B}"
EndProject
Global
	GlobalSection(SolutionConfigurationPlatforms) = preSolution
		Debug|Any CPU = Debug|Any CPU
		Release|Any CPU = Release|Any CPU
	EndGlobalSection
	GlobalSection(ProjectConfigurationPlatforms) = postSolution
		{5695C18C-7C37-4AD2-AA48-E5D83E3D825B}.Debug|Any CPU.ActiveCfg = Debug|Any CPU
		{5695C18C-7C37-4AD2-AA48-E5D83E3D825B}.Debug|Any CPU.Build.0 = Debug|Any CPU
		{5695C18C-7C37-4AD2-AA48-E5D83E3D825B}.Release|Any CPU.ActiveCfg = Release|Any CPU
		{5695C18C-7C37-4AD2-AA48-E5D83E3D825B}.Release|Any CPU.Build.0 = Release|Any CPU
	EndGlobalSection
	GlobalSection(SolutionProperties) = preSolution
		HideSolutionNode = FALSE
	EndGlobalSection
	GlobalSection(ExtensibilityGlobals) = postSolution
		SolutionGuid = {45305E89-D627-42C0-8930-701162098660}
	EndGlobalSection
EndGlobal
